<?xml version="1.0" encoding="utf-8"?>
<Project ToolsVersion="4.0" xmlns="http://schemas.microsoft.com/developer/msbuild/2003">
  <ItemGroup>
    <Filter Include="Archivos de origen">
      <UniqueIdentifier>{4FC737F1-C7A5-4376-A066-2A32D752A2FF}</UniqueIdentifier>
      <Extensions>cpp;c;cc;cxx;c++;cppm;ixx;def;odl;idl;hpj;bat;asm;asmx</Extensions>
    </Filter>
    <Filter Include="modelos">
      <UniqueIdentifier>{9ed3db1e-c3c5-4a78-b9b9-7fb3038bbcd0}</UniqueIdentifier>
    </Filter>
    <Filter Include="controladores">
      <UniqueIdentifier>{aca035b4-e7fd-45a2-9f2b-558b28ab3f17}</UniqueIdentifier>
    </Filter>
    <Filter Include="utilidades">
      <UniqueIdentifier>{fbff13f1-057c-4a2e-91fc-0b7a887616a1}</UniqueIdentifier>
    </Filter>
    <Filter Include="vistas">
      <UniqueIdentifier>{3df6e3a0-f9fe-4f1c-8113-2ab67a846eac}</UniqueIdentifier>
    </Filter>
    <Filter Include="estructuras">
      <UniqueIdentifier>{11cd65bf-f5fc-4040-951c-b6ee02debfcb}</UniqueIdentifier>
    </Filter>
  </ItemGroup>
  <ItemGroup>
    <ClCompile Include="SupermercadoUPC.cpp">
      <Filter>Archivos de origen</Filter>
    </ClCompile>
  </ItemGroup>
  <ItemGroup>
    <ClInclude Include="modelos\Carrito.h">
      <Filter>modelos</Filter>
    </ClInclude>
    <ClInclude Include="modelos\Categoria.h">
      <Filter>modelos</Filter>
    </ClInclude>
    <ClInclude Include="modelos\Cliente.h">
      <Filter>modelos</Filter>
    </ClInclude>
    <ClInclude Include="modelos\Empleado.h">
      <Filter>modelos</Filter>
    </ClInclude>
    <ClInclude Include="modelos\ItemCarrito.h">
      <Filter>modelos</Filter>
    </ClInclude>
    <ClInclude Include="modelos\Producto.h">
      <Filter>modelos</Filter>
    </ClInclude>
    <ClInclude Include="modelos\Proveedor.h">
      <Filter>modelos</Filter>
    </ClInclude>
    <ClInclude Include="modelos\Reporte.h">
      <Filter>modelos</Filter>
    </ClInclude>
    <ClInclude Include="modelos\Usuario.h">
      <Filter>modelos</Filter>
    </ClInclude>
    <ClInclude Include="modelos\Venta.h">
      <Filter>modelos</Filter>
    </ClInclude>
    <ClInclude Include="controladores\CarritoController.h">
      <Filter>controladores</Filter>
    </ClInclude>
    <ClInclude Include="controladores\CategoriaController.h">
      <Filter>controladores</Filter>
    </ClInclude>
    <ClInclude Include="controladores\ClienteController.h">
      <Filter>controladores</Filter>
    </ClInclude>
    <ClInclude Include="controladores\EmpleadoController.h">
      <Filter>controladores</Filter>
    </ClInclude>
    <ClInclude Include="controladores\ProductoController.h">
      <Filter>controladores</Filter>
    </ClInclude>
    <ClInclude Include="controladores\ProveedorController.h">
      <Filter>controladores</Filter>
    </ClInclude>
    <ClInclude Include="controladores\ReporteController.h">
      <Filter>controladores</Filter>
    </ClInclude>
    <ClInclude Include="controladores\UsuarioController.h">
      <Filter>controladores</Filter>
    </ClInclude>
    <ClInclude Include="controladores\VentaController.h">
      <Filter>controladores</Filter>
    </ClInclude>
    <ClInclude Include="utilidades\Ordenamiento.h">
      <Filter>utilidades</Filter>
    </ClInclude>
    <ClInclude Include="utilidades\Utilidades.h">
      <Filter>utilidades</Filter>
    </ClInclude>
    <ClInclude Include="vistas\CategoriaVista.h">
      <Filter>vistas</Filter>
    </ClInclude>
    <ClInclude Include="vistas\ClienteVista.h">
      <Filter>vistas</Filter>
    </ClInclude>
    <ClInclude Include="vistas\EmpleadoVista.h">
      <Filter>vistas</Filter>
    </ClInclude>
    <ClInclude Include="vistas\LoginVista.h">
      <Filter>vistas</Filter>
    </ClInclude>
    <ClInclude Include="vistas\Menu.h">
      <Filter>vistas</Filter>
    </ClInclude>
    <ClInclude Include="vistas\ProductoVista.h">
      <Filter>vistas</Filter>
    </ClInclude>
    <ClInclude Include="vistas\ProveedorVista.h">
      <Filter>vistas</Filter>
    </ClInclude>
    <ClInclude Include="vistas\ReporteVista.h">
      <Filter>vistas</Filter>
    </ClInclude>
    <ClInclude Include="vistas\VentaVista.h">
      <Filter>vistas</Filter>
    </ClInclude>
    <ClInclude Include="estructuras\Cola.h">
      <Filter>estructuras</Filter>
    </ClInclude>
    <ClInclude Include="estructuras\Lista.h">
      <Filter>estructuras</Filter>
    </ClInclude>
    <ClInclude Include="estructuras\Nodo.h">
      <Filter>estructuras</Filter>
    </ClInclude>
    <ClInclude Include="estructuras\Pila.h">
      <Filter>estructuras</Filter>
    </ClInclude>
  </ItemGroup>
</Project>